# This file is generated by running "yarn install" inside your project.
# Manual changes might be lost - proceed with caution!

__metadata:
  version: 4
  cacheKey: 7

"bootstrap@npm:^4.5.3":
  version: 4.5.3
  resolution: "bootstrap@npm:4.5.3"
  peerDependencies:
    jquery: 1.9.1 - 3
    popper.js: ^1.16.1
  checksum: 8c8850152f535ea1f3a24ceb06baaf12557423ad02fa17d8a1517a4a46b46cee58ecf0d031fca0e4d0cce2165d3bac0c90e782eb31cf7a84dae640531f7b2f7c
  languageName: node
  linkType: hard

"root-workspace-0b6124@workspace:.":
  version: 0.0.0-use.local
  resolution: "root-workspace-0b6124@workspace:."
  dependencies:
    bootstrap: ^4.5.3
  languageName: unknown
  linkType: soft
